<?xml version="1.0" encoding="utf-8"?>
<Project ToolsVersion="4.0" xmlns="http://schemas.microsoft.com/developer/msbuild/2003">
  <ItemGroup>
    <CudaCompile Include="kernel.cu" />
  </ItemGroup>
  <ItemGroup>
    <Filter Include="head">
      <UniqueIdentifier>{12d156aa-982e-4936-871e-cd1d542fda52}</UniqueIdentifier>
    </Filter>
    <Filter Include="yuan">
      <UniqueIdentifier>{e35e700b-f5ee-4ec1-b13c-c534e7ad9be2}</UniqueIdentifier>
    </Filter>
  </ItemGroup>
  <ItemGroup>
    <ClInclude Include="physis.h">
      <Filter>head</Filter>
    </ClInclude>
    <ClInclude Include="PhyEng.h">
      <Filter>head</Filter>
    </ClInclude>
    <ClInclude Include="Boss.h">
      <Filter>head</Filter>
    </ClInclude>
    <ClInclude Include="TheNode.h">
      <Filter>head</Filter>
    </ClInclude>
    <ClInclude Include="BulletPhy.h">
      <Filter>head</Filter>
    </ClInclude>
  </ItemGroup>
  <ItemGroup>
    <ClCompile Include="physis.cpp">
      <Filter>yuan</Filter>
    </ClCompile>
    <ClCompile Include="PhyEng.cpp">
      <Filter>yuan</Filter>
    </ClCompile>
    <ClCompile Include="Boss.cpp">
      <Filter>yuan</Filter>
    </ClCompile>
    <ClCompile Include="TheNode.cpp">
      <Filter>yuan</Filter>
    </ClCompile>
    <ClCompile Include="BulletPhy.cpp">
      <Filter>yuan</Filter>
    </ClCompile>
  </ItemGroup>
</Project>